
Microsoft Visual Studio Solution File, Format Version 11.00
# Visual Studio 2010
# SharpDevelop 4.4
Project("{FD48973F-F585-4F70-812B-4D0503B36CE9}") = "DictionariesAndTuples", "DictionariesAndTuples\DictionariesAndTuples.pyproj", "{32138DD4-B2EC-48BB-9AF1-500515A69036}"
EndProject
Global
	GlobalSection(SolutionConfigurationPlatforms) = preSolution
		Debug|Any CPU = Debug|Any CPU
		Release|Any CPU = Release|Any CPU
	EndGlobalSection
	GlobalSection(ProjectConfigurationPlatforms) = postSolution
		{32138DD4-B2EC-48BB-9AF1-500515A69036}.Debug|Any CPU.Build.0 = Debug|Any CPU
		{32138DD4-B2EC-48BB-9AF1-500515A69036}.Debug|Any CPU.ActiveCfg = Debug|Any CPU
		{32138DD4-B2EC-48BB-9AF1-500515A69036}.Release|Any CPU.Build.0 = Release|Any CPU
		{32138DD4-B2EC-48BB-9AF1-500515A69036}.Release|Any CPU.ActiveCfg = Release|Any CPU
	EndGlobalSection
EndGlobal
