
Microsoft Visual Studio Solution File, Format Version 11.00
# Visual Studio 2010
# SharpDevelop 4.4
Project("{FD48973F-F585-4F70-812B-4D0503B36CE9}") = "Pg250", "Pg250\Pg250.pyproj", "{89B880EC-93DB-444A-B44D-A1A0C9E3CB3E}"
EndProject
Global
	GlobalSection(SolutionConfigurationPlatforms) = preSolution
		Debug|Any CPU = Debug|Any CPU
		Release|Any CPU = Release|Any CPU
	EndGlobalSection
	GlobalSection(ProjectConfigurationPlatforms) = postSolution
		{89B880EC-93DB-444A-B44D-A1A0C9E3CB3E}.Debug|Any CPU.Build.0 = Debug|Any CPU
		{89B880EC-93DB-444A-B44D-A1A0C9E3CB3E}.Debug|Any CPU.ActiveCfg = Debug|Any CPU
		{89B880EC-93DB-444A-B44D-A1A0C9E3CB3E}.Release|Any CPU.Build.0 = Release|Any CPU
		{89B880EC-93DB-444A-B44D-A1A0C9E3CB3E}.Release|Any CPU.ActiveCfg = Release|Any CPU
	EndGlobalSection
EndGlobal
