
Microsoft Visual Studio Solution File, Format Version 11.00
# Visual Studio 2010
# SharpDevelop 4.4
Project("{FD48973F-F585-4F70-812B-4D0503B36CE9}") = "Pg140", "Pg140\Pg140.pyproj", "{FD262DBF-1FE0-4221-AF28-E5D4AF0CFA81}"
EndProject
Global
	GlobalSection(SolutionConfigurationPlatforms) = preSolution
		Debug|Any CPU = Debug|Any CPU
		Release|Any CPU = Release|Any CPU
	EndGlobalSection
	GlobalSection(ProjectConfigurationPlatforms) = postSolution
		{FD262DBF-1FE0-4221-AF28-E5D4AF0CFA81}.Debug|Any CPU.Build.0 = Debug|Any CPU
		{FD262DBF-1FE0-4221-AF28-E5D4AF0CFA81}.Debug|Any CPU.ActiveCfg = Debug|Any CPU
		{FD262DBF-1FE0-4221-AF28-E5D4AF0CFA81}.Release|Any CPU.Build.0 = Release|Any CPU
		{FD262DBF-1FE0-4221-AF28-E5D4AF0CFA81}.Release|Any CPU.ActiveCfg = Release|Any CPU
	EndGlobalSection
EndGlobal
