
Microsoft Visual Studio Solution File, Format Version 11.00
# Visual Studio 2010
# SharpDevelop 4.4
Project("{FD48973F-F585-4F70-812B-4D0503B36CE9}") = "HangMan", "HangMan.pyproj", "{AA407C6D-28C7-45C7-A932-0290E0926A5D}"
EndProject
Global
	GlobalSection(SolutionConfigurationPlatforms) = preSolution
		Debug|Any CPU = Debug|Any CPU
		Release|Any CPU = Release|Any CPU
	EndGlobalSection
	GlobalSection(ProjectConfigurationPlatforms) = postSolution
		{AA407C6D-28C7-45C7-A932-0290E0926A5D}.Debug|Any CPU.Build.0 = Debug|Any CPU
		{AA407C6D-28C7-45C7-A932-0290E0926A5D}.Debug|Any CPU.ActiveCfg = Debug|Any CPU
		{AA407C6D-28C7-45C7-A932-0290E0926A5D}.Release|Any CPU.Build.0 = Release|Any CPU
		{AA407C6D-28C7-45C7-A932-0290E0926A5D}.Release|Any CPU.ActiveCfg = Release|Any CPU
	EndGlobalSection
EndGlobal
