
Microsoft Visual Studio Solution File, Format Version 11.00
# Visual Studio 2010
# SharpDevelop 4.4
Project("{FD48973F-F585-4F70-812B-4D0503B36CE9}") = "Prog82a", "Prog82a\Prog82a.pyproj", "{4793472C-6C10-4917-84C6-1C2169FBB130}"
EndProject
Global
	GlobalSection(SolutionConfigurationPlatforms) = preSolution
		Debug|Any CPU = Debug|Any CPU
		Release|Any CPU = Release|Any CPU
	EndGlobalSection
	GlobalSection(ProjectConfigurationPlatforms) = postSolution
		{4793472C-6C10-4917-84C6-1C2169FBB130}.Debug|Any CPU.Build.0 = Debug|Any CPU
		{4793472C-6C10-4917-84C6-1C2169FBB130}.Debug|Any CPU.ActiveCfg = Debug|Any CPU
		{4793472C-6C10-4917-84C6-1C2169FBB130}.Release|Any CPU.Build.0 = Release|Any CPU
		{4793472C-6C10-4917-84C6-1C2169FBB130}.Release|Any CPU.ActiveCfg = Release|Any CPU
	EndGlobalSection
EndGlobal
