
Microsoft Visual Studio Solution File, Format Version 11.00
# Visual Studio 2010
# SharpDevelop 4.4
Project("{FD48973F-F585-4F70-812B-4D0503B36CE9}") = "Prog76a", "Prog76a\Prog76a.pyproj", "{04694591-D18D-4C8C-8C6C-EB7C784A93BB}"
EndProject
Global
	GlobalSection(SolutionConfigurationPlatforms) = preSolution
		Debug|Any CPU = Debug|Any CPU
		Release|Any CPU = Release|Any CPU
	EndGlobalSection
	GlobalSection(ProjectConfigurationPlatforms) = postSolution
		{04694591-D18D-4C8C-8C6C-EB7C784A93BB}.Debug|Any CPU.Build.0 = Debug|Any CPU
		{04694591-D18D-4C8C-8C6C-EB7C784A93BB}.Debug|Any CPU.ActiveCfg = Debug|Any CPU
		{04694591-D18D-4C8C-8C6C-EB7C784A93BB}.Release|Any CPU.Build.0 = Release|Any CPU
		{04694591-D18D-4C8C-8C6C-EB7C784A93BB}.Release|Any CPU.ActiveCfg = Release|Any CPU
	EndGlobalSection
EndGlobal
